# THIS IS AN AUTOGENERATED FILE. DO NOT EDIT THIS FILE DIRECTLY.
# yarn lockfile v1


capitalization@^1.0.0:
  version "1.0.0"
  resolved "https://registry.yarnpkg.com/capitalization/-/capitalization-1.0.0.tgz#0f4c936098d2e6e1f552a1560233e3028c9e5324"
  integrity sha512-YID/lmvT5o3hs/UvDH+r/kPGWpNSRwtNaTMDRsH85Hor6N8gv4iikDHSzDz0nK8FXh8X1UTl6S5ZpfB2/gP1Tg==
